
Microsoft Visual Studio Solution File, Format Version 12.00
# Visual Studio Version 16
VisualStudioVersion = 16.0.31613.86
MinimumVisualStudioVersion = 10.0.40219.1
Project("{FAE04EC0-301F-11D3-BF4B-00C04F79EFBC}") = "Roman.webAPI", "Roman.webAPI\Roman.webAPI.csproj", "{5E886679-3382-4562-A9E4-46238D10C007}"
EndProject
Global
	GlobalSection(SolutionConfigurationPlatforms) = preSolution
		Debug|Any CPU = Debug|Any CPU
		Release|Any CPU = Release|Any CPU
	EndGlobalSection
	GlobalSection(ProjectConfigurationPlatforms) = postSolution
		{5E886679-3382-4562-A9E4-46238D10C007}.Debug|Any CPU.ActiveCfg = Debug|Any CPU
		{5E886679-3382-4562-A9E4-46238D10C007}.Debug|Any CPU.Build.0 = Debug|Any CPU
		{5E886679-3382-4562-A9E4-46238D10C007}.Release|Any CPU.ActiveCfg = Release|Any CPU
		{5E886679-3382-4562-A9E4-46238D10C007}.Release|Any CPU.Build.0 = Release|Any CPU
	EndGlobalSection
	GlobalSection(SolutionProperties) = preSolution
		HideSolutionNode = FALSE
	EndGlobalSection
	GlobalSection(ExtensibilityGlobals) = postSolution
		SolutionGuid = {43BF4536-33E2-4A45-B805-DE202A7959AA}
	EndGlobalSection
EndGlobal
